
Microsoft Visual Studio Solution File, Format Version 12.00
# Visual Studio Version 16
VisualStudioVersion = 16.0.30907.101
MinimumVisualStudioVersion = 10.0.40219.1
Project("{8BC9CEB8-8B4A-11D0-8D11-00A0C91BC942}") = "Error", "Error.vcxproj", "{5C0BCD3B-D140-4049-8870-30733538291D}"
EndProject
Global
	GlobalSection(SolutionConfigurationPlatforms) = preSolution
		Debug|x64 = Debug|x64
		Debug|x86 = Debug|x86
		Release|x64 = Release|x64
		Release|x86 = Release|x86
	EndGlobalSection
	GlobalSection(ProjectConfigurationPlatforms) = postSolution
		{5C0BCD3B-D140-4049-8870-30733538291D}.Debug|x64.ActiveCfg = Debug|x64
		{5C0BCD3B-D140-4049-8870-30733538291D}.Debug|x64.Build.0 = Debug|x64
		{5C0BCD3B-D140-4049-8870-30733538291D}.Debug|x86.ActiveCfg = Debug|Win32
		{5C0BCD3B-D140-4049-8870-30733538291D}.Debug|x86.Build.0 = Debug|Win32
		{5C0BCD3B-D140-4049-8870-30733538291D}.Release|x64.ActiveCfg = Release|x64
		{5C0BCD3B-D140-4049-8870-30733538291D}.Release|x64.Build.0 = Release|x64
		{5C0BCD3B-D140-4049-8870-30733538291D}.Release|x86.ActiveCfg = Release|Win32
		{5C0BCD3B-D140-4049-8870-30733538291D}.Release|x86.Build.0 = Release|Win32
	EndGlobalSection
	GlobalSection(SolutionProperties) = preSolution
		HideSolutionNode = FALSE
	EndGlobalSection
	GlobalSection(ExtensibilityGlobals) = postSolution
		SolutionGuid = {11F3BC49-B60E-44CF-973A-264785C4BB25}
	EndGlobalSection
EndGlobal
